
Microsoft Visual Studio Solution File, Format Version 12.00
# Visual Studio Version 17
VisualStudioVersion = 17.0.32112.339
MinimumVisualStudioVersion = 10.0.40219.1
Project("{FAE04EC0-301F-11D3-BF4B-00C04F79EFBC}") = "API WEB Superheroes", "API WEB Superheroes\API WEB Superheroes.csproj", "{7A33DD5B-E403-458C-B9CF-EAFACFBCBB4D}"
EndProject
Global
	GlobalSection(SolutionConfigurationPlatforms) = preSolution
		Debug|Any CPU = Debug|Any CPU
		Release|Any CPU = Release|Any CPU
	EndGlobalSection
	GlobalSection(ProjectConfigurationPlatforms) = postSolution
		{7A33DD5B-E403-458C-B9CF-EAFACFBCBB4D}.Debug|Any CPU.ActiveCfg = Debug|Any CPU
		{7A33DD5B-E403-458C-B9CF-EAFACFBCBB4D}.Debug|Any CPU.Build.0 = Debug|Any CPU
		{7A33DD5B-E403-458C-B9CF-EAFACFBCBB4D}.Release|Any CPU.ActiveCfg = Release|Any CPU
		{7A33DD5B-E403-458C-B9CF-EAFACFBCBB4D}.Release|Any CPU.Build.0 = Release|Any CPU
	EndGlobalSection
	GlobalSection(SolutionProperties) = preSolution
		HideSolutionNode = FALSE
	EndGlobalSection
	GlobalSection(ExtensibilityGlobals) = postSolution
		SolutionGuid = {EAB4FD32-589A-47A4-AB66-E1C00E6B2A01}
	EndGlobalSection
EndGlobal
